{
  "name": "@derkoe/remix-azure-functions",
  "version": "1.7.2",
  "lockfileVersion": 2,
  "requires": true,
  "packages": {
    "": {
      "name": "@derkoe/remix-azure-functions",
      "version": "1.7.2",
      "license": "MIT",
      "dependencies": {
        "@remix-run/node": "1.19.3"
      },
      "devDependencies": {
        "@azure/functions": "^3.2.0",
        "@types/supertest": "^2.0.12",
        "node-mocks-http": "^1.11.0",
        "supertest": "^6.3.0"
      },
      "engines": {
        "node": ">=14"
      },
      "peerDependencies": {
        "@azure/functions": "^3.0.0"
      }
    },
    "node_modules/@azure/functions": {
      "version": "3.2.0",
      "dev": true,
      "license": "MIT"
    },
    "node_modules/@remix-run/node": {
      "version": "1.19.3",
      "resolved": "https://registry.npmjs.org/@remix-run/node/-/node-1.19.3.tgz",
      "integrity": "sha512-z5qrVL65xLXIUpU4mkR4MKlMeKARLepgHAk4W5YY3IBXOreRqOGUC70POViYmY7x38c2Ia1NwqL80H+0h7jbMw==",
      "dependencies": {
        "@remix-run/server-runtime": "1.19.3",
        "@remix-run/web-fetch": "^4.3.6",
        "@remix-run/web-file": "^3.0.3",
        "@remix-run/web-stream": "^1.0.4",
        "@web3-storage/multipart-parser": "^1.0.0",
        "abort-controller": "^3.0.0",
        "cookie-signature": "^1.1.0",
        "source-map-support": "^0.5.21",
        "stream-slice": "^0.1.2"
      },
      "engines": {
        "node": ">=14.0.0"
      }
    },
    "node_modules/@remix-run/router": {
      "version": "1.7.2",
      "resolved": "https://registry.npmjs.org/@remix-run/router/-/router-1.7.2.tgz",
      "integrity": "sha512-7Lcn7IqGMV+vizMPoEl5F0XDshcdDYtMI6uJLQdQz5CfZAwy3vvGKYSUk789qndt5dEC4HfSjviSYlSoHGL2+A==",
      "engines": {
        "node": ">=14"
      }
    },
    "node_modules/@remix-run/server-runtime": {
      "version": "1.19.3",
      "resolved": "https://registry.npmjs.org/@remix-run/server-runtime/-/server-runtime-1.19.3.tgz",
      "integrity": "sha512-KzQ+htUsKqpBgKE2tWo7kIIGy3MyHP58Io/itUPvV+weDjApwr9tQr9PZDPA3yAY6rAzLax7BU0NMSYCXWFY5A==",
      "dependencies": {
        "@remix-run/router": "1.7.2",
        "@types/cookie": "^0.4.1",
        "@web3-storage/multipart-parser": "^1.0.0",
        "cookie": "^0.4.1",
        "set-cookie-parser": "^2.4.8",
        "source-map": "^0.7.3"
      },
      "engines": {
        "node": ">=14.0.0"
      }
    },
    "node_modules/@remix-run/server-runtime/node_modules/source-map": {
      "version": "0.7.4",
      "resolved": "https://registry.npmjs.org/source-map/-/source-map-0.7.4.tgz",
      "integrity": "sha512-l3BikUxvPOcn5E74dZiq5BGsTb5yEwhaTSzccU6t4sDOH8NWJCstKO5QT2CvtFoK6F0saL7p9xHAqHOlCPJygA==",
      "engines": {
        "node": ">= 8"
      }
    },
    "node_modules/@remix-run/web-blob": {
      "version": "3.0.5",
      "resolved": "https://registry.npmjs.org/@remix-run/web-blob/-/web-blob-3.0.5.tgz",
      "integrity": "sha512-Mungj3erqCrq0+5zU/34NkeC2g+U7K6Uwa8uNiZgANvw0Wc64wKglk4MPQJZA0Y2tgPYXyrRn7uw4q75j6Hhww==",
      "dependencies": {
        "@remix-run/web-stream": "^1.0.4",
        "web-encoding": "1.1.5"
      }
    },
    "node_modules/@remix-run/web-fetch": {
      "version": "4.3.6",
      "resolved": "https://registry.npmjs.org/@remix-run/web-fetch/-/web-fetch-4.3.6.tgz",
      "integrity": "sha512-ifadyJS+/7W6LhKyA8tIR9fBIPwLCFVpl1YCYg5i0ikykiXxE3IWtPVB1G51AJFghc1YgR7rq8BRJLsJeUbE5Q==",
      "dependencies": {
        "@remix-run/web-blob": "^3.0.5",
        "@remix-run/web-form-data": "^3.0.5",
        "@remix-run/web-stream": "^1.0.4",
        "@web3-storage/multipart-parser": "^1.0.0",
        "abort-controller": "^3.0.0",
        "data-uri-to-buffer": "^3.0.1",
        "mrmime": "^1.0.0"
      },
      "engines": {
        "node": "^10.17 || >=12.3"
      }
    },
    "node_modules/@remix-run/web-file": {
      "version": "3.0.3",
      "resolved": "https://registry.npmjs.org/@remix-run/web-file/-/web-file-3.0.3.tgz",
      "integrity": "sha512-yPf6MSXNcaQ4H1vkT/TSgImnqqfvfVKZzjd0vz3wvR0MM1NmrYfLbSbwfFLXdESFnQpXItbyKsgYGeAUEawgBg==",
      "dependencies": {
        "@remix-run/web-blob": "^3.0.5"
      }
    },
    "node_modules/@remix-run/web-form-data": {
      "version": "3.0.5",
      "resolved": "https://registry.npmjs.org/@remix-run/web-form-data/-/web-form-data-3.0.5.tgz",
      "integrity": "sha512-txXJDzjDuTxF8MFvEp9AA2HF3oPcvmlE1I/6HIxeGpX3vpBtrCPw5KQ/nzgBZNuAxyxEm8ps6Ds/UZwoDyfGsQ==",
      "dependencies": {
        "web-encoding": "1.1.5"
      }
    },
    "node_modules/@remix-run/web-stream": {
      "version": "1.0.4",
      "resolved": "https://registry.npmjs.org/@remix-run/web-stream/-/web-stream-1.0.4.tgz",
      "integrity": "sha512-SVO42pH21I1sAhksGEM8ZBV/jc1mz6knZSg6Qo/2HPy9JTvtUykm3QMHtF2OMCTUXxdRW+4E/rphkPRyGc8WKw==",
      "dependencies": {
        "web-streams-polyfill": "^3.1.1"
      }
    },
    "node_modules/@types/cookie": {
      "version": "0.4.1",
      "resolved": "https://registry.npmjs.org/@types/cookie/-/cookie-0.4.1.tgz",
      "integrity": "sha512-XW/Aa8APYr6jSVVA1y/DEIZX0/GMKLEVekNG727R8cs56ahETkRAy/3DR7+fJyh7oUgGwNQaRfXCun0+KbWY7Q=="
    },
    "node_modules/@types/cookiejar": {
      "version": "2.1.2",
      "dev": true,
      "license": "MIT"
    },
    "node_modules/@types/node": {
      "version": "18.7.14",
      "dev": true,
      "license": "MIT"
    },
    "node_modules/@types/superagent": {
      "version": "4.1.15",
      "dev": true,
      "license": "MIT",
      "dependencies": {
        "@types/cookiejar": "*",
        "@types/node": "*"
      }
    },
    "node_modules/@types/supertest": {
      "version": "2.0.12",
      "dev": true,
      "license": "MIT",
      "dependencies": {
        "@types/superagent": "*"
      }
    },
    "node_modules/@web3-storage/multipart-parser": {
      "version": "1.0.0",
      "license": "(Apache-2.0 AND MIT)"
    },
    "node_modules/@zxing/text-encoding": {
      "version": "0.9.0",
      "resolved": "https://registry.npmjs.org/@zxing/text-encoding/-/text-encoding-0.9.0.tgz",
      "integrity": "sha512-U/4aVJ2mxI0aDNI8Uq0wEhMgY+u4CNtEb0om3+y3+niDAsoTCOB33UF0sxpzqzdqXLqmvc+vZyAt4O8pPdfkwA==",
      "optional": true
    },
    "node_modules/abort-controller": {
      "version": "3.0.0",
      "license": "MIT",
      "dependencies": {
        "event-target-shim": "^5.0.0"
      },
      "engines": {
        "node": ">=6.5"
      }
    },
    "node_modules/accepts": {
      "version": "1.3.8",
      "dev": true,
      "license": "MIT",
      "dependencies": {
        "mime-types": "~2.1.34",
        "negotiator": "0.6.3"
      },
      "engines": {
        "node": ">= 0.6"
      }
    },
    "node_modules/asap": {
      "version": "2.0.6",
      "dev": true,
      "license": "MIT"
    },
    "node_modules/asynckit": {
      "version": "0.4.0",
      "dev": true,
      "license": "MIT"
    },
    "node_modules/available-typed-arrays": {
      "version": "1.0.5",
      "resolved": "https://registry.npmjs.org/available-typed-arrays/-/available-typed-arrays-1.0.5.tgz",
      "integrity": "sha512-DMD0KiN46eipeziST1LPP/STfDU0sufISXmjSgvVsoU2tqxctQeASejWcfNtxYKqETM1UxQ8sp2OrSBWpHY6sw==",
      "engines": {
        "node": ">= 0.4"
      },
      "funding": {
        "url": "https://github.com/sponsors/ljharb"
      }
    },
    "node_modules/buffer-from": {
      "version": "1.1.2",
      "license": "MIT"
    },
    "node_modules/call-bind": {
      "version": "1.0.2",
      "license": "MIT",
      "dependencies": {
        "function-bind": "^1.1.1",
        "get-intrinsic": "^1.0.2"
      },
      "funding": {
        "url": "https://github.com/sponsors/ljharb"
      }
    },
    "node_modules/combined-stream": {
      "version": "1.0.8",
      "dev": true,
      "license": "MIT",
      "dependencies": {
        "delayed-stream": "~1.0.0"
      },
      "engines": {
        "node": ">= 0.8"
      }
    },
    "node_modules/component-emitter": {
      "version": "1.3.0",
      "dev": true,
      "license": "MIT"
    },
    "node_modules/content-disposition": {
      "version": "0.5.4",
      "dev": true,
      "license": "MIT",
      "dependencies": {
        "safe-buffer": "5.2.1"
      },
      "engines": {
        "node": ">= 0.6"
      }
    },
    "node_modules/cookie": {
      "version": "0.4.2",
      "resolved": "https://registry.npmjs.org/cookie/-/cookie-0.4.2.tgz",
      "integrity": "sha512-aSWTXFzaKWkvHO1Ny/s+ePFpvKsPnjc551iI41v3ny/ow6tBG5Vd+FuqGNhh1LxOmVzOlGUriIlOaokOvhaStA==",
      "engines": {
        "node": ">= 0.6"
      }
    },
    "node_modules/cookie-signature": {
      "version": "1.2.0",
      "license": "MIT",
      "engines": {
        "node": ">=6.6.0"
      }
    },
    "node_modules/cookiejar": {
      "version": "2.1.3",
      "dev": true,
      "license": "MIT"
    },
    "node_modules/data-uri-to-buffer": {
      "version": "3.0.1",
      "license": "MIT",
      "engines": {
        "node": ">= 6"
      }
    },
    "node_modules/debug": {
      "version": "4.3.4",
      "dev": true,
      "license": "MIT",
      "dependencies": {
        "ms": "2.1.2"
      },
      "engines": {
        "node": ">=6.0"
      },
      "peerDependenciesMeta": {
        "supports-color": {
          "optional": true
        }
      }
    },
    "node_modules/delayed-stream": {
      "version": "1.0.0",
      "dev": true,
      "license": "MIT",
      "engines": {
        "node": ">=0.4.0"
      }
    },
    "node_modules/depd": {
      "version": "1.1.2",
      "dev": true,
      "license": "MIT",
      "engines": {
        "node": ">= 0.6"
      }
    },
    "node_modules/dezalgo": {
      "version": "1.0.3",
      "dev": true,
      "license": "ISC",
      "dependencies": {
        "asap": "^2.0.0",
        "wrappy": "1"
      }
    },
    "node_modules/event-target-shim": {
      "version": "5.0.1",
      "license": "MIT",
      "engines": {
        "node": ">=6"
      }
    },
    "node_modules/fast-safe-stringify": {
      "version": "2.1.1",
      "dev": true,
      "license": "MIT"
    },
    "node_modules/for-each": {
      "version": "0.3.3",
      "resolved": "https://registry.npmjs.org/for-each/-/for-each-0.3.3.tgz",
      "integrity": "sha512-jqYfLp7mo9vIyQf8ykW2v7A+2N4QjeCeI5+Dz9XraiO1ign81wjiH7Fb9vSOWvQfNtmSa4H2RoQTrrXivdUZmw==",
      "dependencies": {
        "is-callable": "^1.1.3"
      }
    },
    "node_modules/form-data": {
      "version": "4.0.0",
      "dev": true,
      "license": "MIT",
      "dependencies": {
        "asynckit": "^0.4.0",
        "combined-stream": "^1.0.8",
        "mime-types": "^2.1.12"
      },
      "engines": {
        "node": ">= 6"
      }
    },
    "node_modules/formidable": {
      "version": "2.0.1",
      "dev": true,
      "license": "MIT",
      "dependencies": {
        "dezalgo": "1.0.3",
        "hexoid": "1.0.0",
        "once": "1.4.0",
        "qs": "6.9.3"
      },
      "funding": {
        "url": "https://ko-fi.com/tunnckoCore/commissions"
      }
    },
    "node_modules/formidable/node_modules/qs": {
      "version": "6.9.3",
      "dev": true,
      "license": "BSD-3-Clause",
      "engines": {
        "node": ">=0.6"
      },
      "funding": {
        "url": "https://github.com/sponsors/ljharb"
      }
    },
    "node_modules/fresh": {
      "version": "0.5.2",
      "dev": true,
      "license": "MIT",
      "engines": {
        "node": ">= 0.6"
      }
    },
    "node_modules/function-bind": {
      "version": "1.1.1",
      "license": "MIT"
    },
    "node_modules/get-intrinsic": {
      "version": "1.2.1",
      "resolved": "https://registry.npmjs.org/get-intrinsic/-/get-intrinsic-1.2.1.tgz",
      "integrity": "sha512-2DcsyfABl+gVHEfCOaTrWgyt+tb6MSEGmKq+kI5HwLbIYgjgmMcV8KQ41uaKz1xxUcn9tJtgFbQUEVcEbd0FYw==",
      "dependencies": {
        "function-bind": "^1.1.1",
        "has": "^1.0.3",
        "has-proto": "^1.0.1",
        "has-symbols": "^1.0.3"
      },
      "funding": {
        "url": "https://github.com/sponsors/ljharb"
      }
    },
    "node_modules/gopd": {
      "version": "1.0.1",
      "resolved": "https://registry.npmjs.org/gopd/-/gopd-1.0.1.tgz",
      "integrity": "sha512-d65bNlIadxvpb/A2abVdlqKqV563juRnZ1Wtk6s1sIR8uNsXR70xqIzVqxVf1eTqDunwT2MkczEeaezCKTZhwA==",
      "dependencies": {
        "get-intrinsic": "^1.1.3"
      },
      "funding": {
        "url": "https://github.com/sponsors/ljharb"
      }
    },
    "node_modules/has": {
      "version": "1.0.3",
      "license": "MIT",
      "dependencies": {
        "function-bind": "^1.1.1"
      },
      "engines": {
        "node": ">= 0.4.0"
      }
    },
    "node_modules/has-proto": {
      "version": "1.0.1",
      "resolved": "https://registry.npmjs.org/has-proto/-/has-proto-1.0.1.tgz",
      "integrity": "sha512-7qE+iP+O+bgF9clE5+UoBFzE65mlBiVj3tKCrlNQ0Ogwm0BjpT/gK4SlLYDMybDh5I3TCTKnPPa0oMG7JDYrhg==",
      "engines": {
        "node": ">= 0.4"
      },
      "funding": {
        "url": "https://github.com/sponsors/ljharb"
      }
    },
    "node_modules/has-symbols": {
      "version": "1.0.3",
      "license": "MIT",
      "engines": {
        "node": ">= 0.4"
      },
      "funding": {
        "url": "https://github.com/sponsors/ljharb"
      }
    },
    "node_modules/has-tostringtag": {
      "version": "1.0.0",
      "resolved": "https://registry.npmjs.org/has-tostringtag/-/has-tostringtag-1.0.0.tgz",
      "integrity": "sha512-kFjcSNhnlGV1kyoGk7OXKSawH5JOb/LzUc5w9B02hOTO0dfFRjbHQKvg1d6cf3HbeUmtU9VbbV3qzZ2Teh97WQ==",
      "dependencies": {
        "has-symbols": "^1.0.2"
      },
      "engines": {
        "node": ">= 0.4"
      },
      "funding": {
        "url": "https://github.com/sponsors/ljharb"
      }
    },
    "node_modules/hexoid": {
      "version": "1.0.0",
      "dev": true,
      "license": "MIT",
      "engines": {
        "node": ">=8"
      }
    },
    "node_modules/inherits": {
      "version": "2.0.4",
      "license": "ISC"
    },
    "node_modules/is-arguments": {
      "version": "1.1.1",
      "resolved": "https://registry.npmjs.org/is-arguments/-/is-arguments-1.1.1.tgz",
      "integrity": "sha512-8Q7EARjzEnKpt/PCD7e1cgUS0a6X8u5tdSiMqXhojOdoV9TsMsiO+9VLC5vAmO8N7/GmXn7yjR8qnA6bVAEzfA==",
      "dependencies": {
        "call-bind": "^1.0.2",
        "has-tostringtag": "^1.0.0"
      },
      "engines": {
        "node": ">= 0.4"
      },
      "funding": {
        "url": "https://github.com/sponsors/ljharb"
      }
    },
    "node_modules/is-callable": {
      "version": "1.2.7",
      "resolved": "https://registry.npmjs.org/is-callable/-/is-callable-1.2.7.tgz",
      "integrity": "sha512-1BC0BVFhS/p0qtw6enp8e+8OD0UrK0oFLztSjNzhcKA3WDuJxxAPXzPuPtKkjEY9UUoEWlX/8fgKeu2S8i9JTA==",
      "engines": {
        "node": ">= 0.4"
      },
      "funding": {
        "url": "https://github.com/sponsors/ljharb"
      }
    },
    "node_modules/is-generator-function": {
      "version": "1.0.10",
      "resolved": "https://registry.npmjs.org/is-generator-function/-/is-generator-function-1.0.10.tgz",
      "integrity": "sha512-jsEjy9l3yiXEQ+PsXdmBwEPcOxaXWLspKdplFUVI9vq1iZgIekeC0L167qeu86czQaxed3q/Uzuw0swL0irL8A==",
      "dependencies": {
        "has-tostringtag": "^1.0.0"
      },
      "engines": {
        "node": ">= 0.4"
      },
      "funding": {
        "url": "https://github.com/sponsors/ljharb"
      }
    },
    "node_modules/is-typed-array": {
      "version": "1.1.12",
      "resolved": "https://registry.npmjs.org/is-typed-array/-/is-typed-array-1.1.12.tgz",
      "integrity": "sha512-Z14TF2JNG8Lss5/HMqt0//T9JeHXttXy5pH/DBU4vi98ozO2btxzq9MwYDZYnKwU8nRsz/+GVFVRDq3DkVuSPg==",
      "dependencies": {
        "which-typed-array": "^1.1.11"
      },
      "engines": {
        "node": ">= 0.4"
      },
      "funding": {
        "url": "https://github.com/sponsors/ljharb"
      }
    },
    "node_modules/lru-cache": {
      "version": "6.0.0",
      "dev": true,
      "license": "ISC",
      "dependencies": {
        "yallist": "^4.0.0"
      },
      "engines": {
        "node": ">=10"
      }
    },
    "node_modules/media-typer": {
      "version": "0.3.0",
      "dev": true,
      "license": "MIT",
      "engines": {
        "node": ">= 0.6"
      }
    },
    "node_modules/merge-descriptors": {
      "version": "1.0.1",
      "dev": true,
      "license": "MIT"
    },
    "node_modules/methods": {
      "version": "1.1.2",
      "dev": true,
      "license": "MIT",
      "engines": {
        "node": ">= 0.6"
      }
    },
    "node_modules/mime": {
      "version": "1.6.0",
      "dev": true,
      "license": "MIT",
      "bin": {
        "mime": "cli.js"
      },
      "engines": {
        "node": ">=4"
      }
    },
    "node_modules/mime-db": {
      "version": "1.52.0",
      "dev": true,
      "license": "MIT",
      "engines": {
        "node": ">= 0.6"
      }
    },
    "node_modules/mime-types": {
      "version": "2.1.35",
      "dev": true,
      "license": "MIT",
      "dependencies": {
        "mime-db": "1.52.0"
      },
      "engines": {
        "node": ">= 0.6"
      }
    },
    "node_modules/mrmime": {
      "version": "1.0.1",
      "license": "MIT",
      "engines": {
        "node": ">=10"
      }
    },
    "node_modules/ms": {
      "version": "2.1.2",
      "dev": true,
      "license": "MIT"
    },
    "node_modules/negotiator": {
      "version": "0.6.3",
      "dev": true,
      "license": "MIT",
      "engines": {
        "node": ">= 0.6"
      }
    },
    "node_modules/node-mocks-http": {
      "version": "1.11.0",
      "dev": true,
      "license": "MIT",
      "dependencies": {
        "accepts": "^1.3.7",
        "content-disposition": "^0.5.3",
        "depd": "^1.1.0",
        "fresh": "^0.5.2",
        "merge-descriptors": "^1.0.1",
        "methods": "^1.1.2",
        "mime": "^1.3.4",
        "parseurl": "^1.3.3",
        "range-parser": "^1.2.0",
        "type-is": "^1.6.18"
      },
      "engines": {
        "node": ">=0.6"
      }
    },
    "node_modules/object-inspect": {
      "version": "1.12.2",
      "dev": true,
      "license": "MIT",
      "funding": {
        "url": "https://github.com/sponsors/ljharb"
      }
    },
    "node_modules/once": {
      "version": "1.4.0",
      "dev": true,
      "license": "ISC",
      "dependencies": {
        "wrappy": "1"
      }
    },
    "node_modules/parseurl": {
      "version": "1.3.3",
      "dev": true,
      "license": "MIT",
      "engines": {
        "node": ">= 0.8"
      }
    },
    "node_modules/qs": {
      "version": "6.11.0",
      "dev": true,
      "license": "BSD-3-Clause",
      "dependencies": {
        "side-channel": "^1.0.4"
      },
      "engines": {
        "node": ">=0.6"
      },
      "funding": {
        "url": "https://github.com/sponsors/ljharb"
      }
    },
    "node_modules/range-parser": {
      "version": "1.2.1",
      "dev": true,
      "license": "MIT",
      "engines": {
        "node": ">= 0.6"
      }
    },
    "node_modules/readable-stream": {
      "version": "3.6.0",
      "dev": true,
      "license": "MIT",
      "dependencies": {
        "inherits": "^2.0.3",
        "string_decoder": "^1.1.1",
        "util-deprecate": "^1.0.1"
      },
      "engines": {
        "node": ">= 6"
      }
    },
    "node_modules/safe-buffer": {
      "version": "5.2.1",
      "dev": true,
      "funding": [
        {
          "type": "github",
          "url": "https://github.com/sponsors/feross"
        },
        {
          "type": "patreon",
          "url": "https://www.patreon.com/feross"
        },
        {
          "type": "consulting",
          "url": "https://feross.org/support"
        }
      ],
      "license": "MIT"
    },
    "node_modules/semver": {
      "version": "7.3.7",
      "dev": true,
      "license": "ISC",
      "dependencies": {
        "lru-cache": "^6.0.0"
      },
      "bin": {
        "semver": "bin/semver.js"
      },
      "engines": {
        "node": ">=10"
      }
    },
    "node_modules/set-cookie-parser": {
      "version": "2.5.1",
      "resolved": "https://registry.npmjs.org/set-cookie-parser/-/set-cookie-parser-2.5.1.tgz",
      "integrity": "sha512-1jeBGaKNGdEq4FgIrORu/N570dwoPYio8lSoYLWmX7sQ//0JY08Xh9o5pBcgmHQ/MbsYp/aZnOe1s1lIsbLprQ=="
    },
    "node_modules/side-channel": {
      "version": "1.0.4",
      "dev": true,
      "license": "MIT",
      "dependencies": {
        "call-bind": "^1.0.0",
        "get-intrinsic": "^1.0.2",
        "object-inspect": "^1.9.0"
      },
      "funding": {
        "url": "https://github.com/sponsors/ljharb"
      }
    },
    "node_modules/source-map": {
      "version": "0.6.1",
      "license": "BSD-3-Clause",
      "engines": {
        "node": ">=0.10.0"
      }
    },
    "node_modules/source-map-support": {
      "version": "0.5.21",
      "license": "MIT",
      "dependencies": {
        "buffer-from": "^1.0.0",
        "source-map": "^0.6.0"
      }
    },
    "node_modules/stream-slice": {
      "version": "0.1.2",
      "license": "MIT"
    },
    "node_modules/string_decoder": {
      "version": "1.3.0",
      "dev": true,
      "license": "MIT",
      "dependencies": {
        "safe-buffer": "~5.2.0"
      }
    },
    "node_modules/superagent": {
      "version": "8.0.0",
      "dev": true,
      "license": "MIT",
      "dependencies": {
        "component-emitter": "^1.3.0",
        "cookiejar": "^2.1.3",
        "debug": "^4.3.4",
        "fast-safe-stringify": "^2.1.1",
        "form-data": "^4.0.0",
        "formidable": "^2.0.1",
        "methods": "^1.1.2",
        "mime": "2.6.0",
        "qs": "^6.10.3",
        "readable-stream": "^3.6.0",
        "semver": "^7.3.7"
      },
      "engines": {
        "node": ">=6.4.0 <13 || >=14"
      }
    },
    "node_modules/superagent/node_modules/mime": {
      "version": "2.6.0",
      "dev": true,
      "license": "MIT",
      "bin": {
        "mime": "cli.js"
      },
      "engines": {
        "node": ">=4.0.0"
      }
    },
    "node_modules/supertest": {
      "version": "6.3.0",
      "resolved": "https://registry.npmjs.org/supertest/-/supertest-6.3.0.tgz",
      "integrity": "sha512-QgWju1cNoacP81Rv88NKkQ4oXTzGg0eNZtOoxp1ROpbS4OHY/eK5b8meShuFtdni161o5X0VQvgo7ErVyKK+Ow==",
      "dev": true,
      "dependencies": {
        "methods": "^1.1.2",
        "superagent": "^8.0.0"
      },
      "engines": {
        "node": ">=6.4.0"
      }
    },
    "node_modules/type-is": {
      "version": "1.6.18",
      "dev": true,
      "license": "MIT",
      "dependencies": {
        "media-typer": "0.3.0",
        "mime-types": "~2.1.24"
      },
      "engines": {
        "node": ">= 0.6"
      }
    },
    "node_modules/util": {
      "version": "0.12.5",
      "resolved": "https://registry.npmjs.org/util/-/util-0.12.5.tgz",
      "integrity": "sha512-kZf/K6hEIrWHI6XqOFUiiMa+79wE/D8Q+NCNAWclkyg3b4d2k7s0QGepNjiABc+aR3N1PAyHL7p6UcLY6LmrnA==",
      "dependencies": {
        "inherits": "^2.0.3",
        "is-arguments": "^1.0.4",
        "is-generator-function": "^1.0.7",
        "is-typed-array": "^1.1.3",
        "which-typed-array": "^1.1.2"
      }
    },
    "node_modules/util-deprecate": {
      "version": "1.0.2",
      "dev": true,
      "license": "MIT"
    },
    "node_modules/web-encoding": {
      "version": "1.1.5",
      "resolved": "https://registry.npmjs.org/web-encoding/-/web-encoding-1.1.5.tgz",
      "integrity": "sha512-HYLeVCdJ0+lBYV2FvNZmv3HJ2Nt0QYXqZojk3d9FJOLkwnuhzM9tmamh8d7HPM8QqjKH8DeHkFTx+CFlWpZZDA==",
      "dependencies": {
        "util": "^0.12.3"
      },
      "optionalDependencies": {
        "@zxing/text-encoding": "0.9.0"
      }
    },
    "node_modules/web-streams-polyfill": {
      "version": "3.2.1",
      "resolved": "https://registry.npmjs.org/web-streams-polyfill/-/web-streams-polyfill-3.2.1.tgz",
      "integrity": "sha512-e0MO3wdXWKrLbL0DgGnUV7WHVuw9OUvL4hjgnPkIeEvESk74gAITi5G606JtZPp39cd8HA9VQzCIvA49LpPN5Q==",
      "engines": {
        "node": ">= 8"
      }
    },
    "node_modules/which-typed-array": {
      "version": "1.1.11",
      "resolved": "https://registry.npmjs.org/which-typed-array/-/which-typed-array-1.1.11.tgz",
      "integrity": "sha512-qe9UWWpkeG5yzZ0tNYxDmd7vo58HDBc39mZ0xWWpolAGADdFOzkfamWLDxkOWcvHQKVmdTyQdLD4NOfjLWTKew==",
      "dependencies": {
        "available-typed-arrays": "^1.0.5",
        "call-bind": "^1.0.2",
        "for-each": "^0.3.3",
        "gopd": "^1.0.1",
        "has-tostringtag": "^1.0.0"
      },
      "engines": {
        "node": ">= 0.4"
      },
      "funding": {
        "url": "https://github.com/sponsors/ljharb"
      }
    },
    "node_modules/wrappy": {
      "version": "1.0.2",
      "dev": true,
      "license": "ISC"
    },
    "node_modules/yallist": {
      "version": "4.0.0",
      "dev": true,
      "license": "ISC"
    }
  },
  "dependencies": {
    "@azure/functions": {
      "version": "3.2.0",
      "dev": true
    },
    "@remix-run/node": {
      "version": "1.19.3",
      "resolved": "https://registry.npmjs.org/@remix-run/node/-/node-1.19.3.tgz",
      "integrity": "sha512-z5qrVL65xLXIUpU4mkR4MKlMeKARLepgHAk4W5YY3IBXOreRqOGUC70POViYmY7x38c2Ia1NwqL80H+0h7jbMw==",
      "requires": {
        "@remix-run/server-runtime": "1.19.3",
        "@remix-run/web-fetch": "^4.3.6",
        "@remix-run/web-file": "^3.0.3",
        "@remix-run/web-stream": "^1.0.4",
        "@web3-storage/multipart-parser": "^1.0.0",
        "abort-controller": "^3.0.0",
        "cookie-signature": "^1.1.0",
        "source-map-support": "^0.5.21",
        "stream-slice": "^0.1.2"
      }
    },
    "@remix-run/router": {
      "version": "1.7.2",
      "resolved": "https://registry.npmjs.org/@remix-run/router/-/router-1.7.2.tgz",
      "integrity": "sha512-7Lcn7IqGMV+vizMPoEl5F0XDshcdDYtMI6uJLQdQz5CfZAwy3vvGKYSUk789qndt5dEC4HfSjviSYlSoHGL2+A=="
    },
    "@remix-run/server-runtime": {
      "version": "1.19.3",
      "resolved": "https://registry.npmjs.org/@remix-run/server-runtime/-/server-runtime-1.19.3.tgz",
      "integrity": "sha512-KzQ+htUsKqpBgKE2tWo7kIIGy3MyHP58Io/itUPvV+weDjApwr9tQr9PZDPA3yAY6rAzLax7BU0NMSYCXWFY5A==",
      "requires": {
        "@remix-run/router": "1.7.2",
        "@types/cookie": "^0.4.1",
        "@web3-storage/multipart-parser": "^1.0.0",
        "cookie": "^0.4.1",
        "set-cookie-parser": "^2.4.8",
        "source-map": "^0.7.3"
      },
      "dependencies": {
        "source-map": {
          "version": "0.7.4",
          "resolved": "https://registry.npmjs.org/source-map/-/source-map-0.7.4.tgz",
          "integrity": "sha512-l3BikUxvPOcn5E74dZiq5BGsTb5yEwhaTSzccU6t4sDOH8NWJCstKO5QT2CvtFoK6F0saL7p9xHAqHOlCPJygA=="
        }
      }
    },
    "@remix-run/web-blob": {
      "version": "3.0.5",
      "resolved": "https://registry.npmjs.org/@remix-run/web-blob/-/web-blob-3.0.5.tgz",
      "integrity": "sha512-Mungj3erqCrq0+5zU/34NkeC2g+U7K6Uwa8uNiZgANvw0Wc64wKglk4MPQJZA0Y2tgPYXyrRn7uw4q75j6Hhww==",
      "requires": {
        "@remix-run/web-stream": "^1.0.4",
        "web-encoding": "1.1.5"
      }
    },
    "@remix-run/web-fetch": {
      "version": "4.3.6",
      "resolved": "https://registry.npmjs.org/@remix-run/web-fetch/-/web-fetch-4.3.6.tgz",
      "integrity": "sha512-ifadyJS+/7W6LhKyA8tIR9fBIPwLCFVpl1YCYg5i0ikykiXxE3IWtPVB1G51AJFghc1YgR7rq8BRJLsJeUbE5Q==",
      "requires": {
        "@remix-run/web-blob": "^3.0.5",
        "@remix-run/web-form-data": "^3.0.5",
        "@remix-run/web-stream": "^1.0.4",
        "@web3-storage/multipart-parser": "^1.0.0",
        "abort-controller": "^3.0.0",
        "data-uri-to-buffer": "^3.0.1",
        "mrmime": "^1.0.0"
      }
    },
    "@remix-run/web-file": {
      "version": "3.0.3",
      "resolved": "https://registry.npmjs.org/@remix-run/web-file/-/web-file-3.0.3.tgz",
      "integrity": "sha512-yPf6MSXNcaQ4H1vkT/TSgImnqqfvfVKZzjd0vz3wvR0MM1NmrYfLbSbwfFLXdESFnQpXItbyKsgYGeAUEawgBg==",
      "requires": {
        "@remix-run/web-blob": "^3.0.5"
      }
    },
    "@remix-run/web-form-data": {
      "version": "3.0.5",
      "resolved": "https://registry.npmjs.org/@remix-run/web-form-data/-/web-form-data-3.0.5.tgz",
      "integrity": "sha512-txXJDzjDuTxF8MFvEp9AA2HF3oPcvmlE1I/6HIxeGpX3vpBtrCPw5KQ/nzgBZNuAxyxEm8ps6Ds/UZwoDyfGsQ==",
      "requires": {
        "web-encoding": "1.1.5"
      }
    },
    "@remix-run/web-stream": {
      "version": "1.0.4",
      "resolved": "https://registry.npmjs.org/@remix-run/web-stream/-/web-stream-1.0.4.tgz",
      "integrity": "sha512-SVO42pH21I1sAhksGEM8ZBV/jc1mz6knZSg6Qo/2HPy9JTvtUykm3QMHtF2OMCTUXxdRW+4E/rphkPRyGc8WKw==",
      "requires": {
        "web-streams-polyfill": "^3.1.1"
      }
    },
    "@types/cookie": {
      "version": "0.4.1",
      "resolved": "https://registry.npmjs.org/@types/cookie/-/cookie-0.4.1.tgz",
      "integrity": "sha512-XW/Aa8APYr6jSVVA1y/DEIZX0/GMKLEVekNG727R8cs56ahETkRAy/3DR7+fJyh7oUgGwNQaRfXCun0+KbWY7Q=="
    },
    "@types/cookiejar": {
      "version": "2.1.2",
      "dev": true
    },
    "@types/node": {
      "version": "18.7.14",
      "dev": true
    },
    "@types/superagent": {
      "version": "4.1.15",
      "dev": true,
      "requires": {
        "@types/cookiejar": "*",
        "@types/node": "*"
      }
    },
    "@types/supertest": {
      "version": "2.0.12",
      "dev": true,
      "requires": {
        "@types/superagent": "*"
      }
    },
    "@web3-storage/multipart-parser": {
      "version": "1.0.0"
    },
    "@zxing/text-encoding": {
      "version": "0.9.0",
      "resolved": "https://registry.npmjs.org/@zxing/text-encoding/-/text-encoding-0.9.0.tgz",
      "integrity": "sha512-U/4aVJ2mxI0aDNI8Uq0wEhMgY+u4CNtEb0om3+y3+niDAsoTCOB33UF0sxpzqzdqXLqmvc+vZyAt4O8pPdfkwA==",
      "optional": true
    },
    "abort-controller": {
      "version": "3.0.0",
      "requires": {
        "event-target-shim": "^5.0.0"
      }
    },
    "accepts": {
      "version": "1.3.8",
      "dev": true,
      "requires": {
        "mime-types": "~2.1.34",
        "negotiator": "0.6.3"
      }
    },
    "asap": {
      "version": "2.0.6",
      "dev": true
    },
    "asynckit": {
      "version": "0.4.0",
      "dev": true
    },
    "available-typed-arrays": {
      "version": "1.0.5",
      "resolved": "https://registry.npmjs.org/available-typed-arrays/-/available-typed-arrays-1.0.5.tgz",
      "integrity": "sha512-DMD0KiN46eipeziST1LPP/STfDU0sufISXmjSgvVsoU2tqxctQeASejWcfNtxYKqETM1UxQ8sp2OrSBWpHY6sw=="
    },
    "buffer-from": {
      "version": "1.1.2"
    },
    "call-bind": {
      "version": "1.0.2",
      "requires": {
        "function-bind": "^1.1.1",
        "get-intrinsic": "^1.0.2"
      }
    },
    "combined-stream": {
      "version": "1.0.8",
      "dev": true,
      "requires": {
        "delayed-stream": "~1.0.0"
      }
    },
    "component-emitter": {
      "version": "1.3.0",
      "dev": true
    },
    "content-disposition": {
      "version": "0.5.4",
      "dev": true,
      "requires": {
        "safe-buffer": "5.2.1"
      }
    },
    "cookie": {
      "version": "0.4.2",
      "resolved": "https://registry.npmjs.org/cookie/-/cookie-0.4.2.tgz",
      "integrity": "sha512-aSWTXFzaKWkvHO1Ny/s+ePFpvKsPnjc551iI41v3ny/ow6tBG5Vd+FuqGNhh1LxOmVzOlGUriIlOaokOvhaStA=="
    },
    "cookie-signature": {
      "version": "1.2.0"
    },
    "cookiejar": {
      "version": "2.1.3",
      "dev": true
    },
    "data-uri-to-buffer": {
      "version": "3.0.1"
    },
    "debug": {
      "version": "4.3.4",
      "dev": true,
      "requires": {
        "ms": "2.1.2"
      }
    },
    "delayed-stream": {
      "version": "1.0.0",
      "dev": true
    },
    "depd": {
      "version": "1.1.2",
      "dev": true
    },
    "dezalgo": {
      "version": "1.0.3",
      "dev": true,
      "requires": {
        "asap": "^2.0.0",
        "wrappy": "1"
      }
    },
    "event-target-shim": {
      "version": "5.0.1"
    },
    "fast-safe-stringify": {
      "version": "2.1.1",
      "dev": true
    },
    "for-each": {
      "version": "0.3.3",
      "resolved": "https://registry.npmjs.org/for-each/-/for-each-0.3.3.tgz",
      "integrity": "sha512-jqYfLp7mo9vIyQf8ykW2v7A+2N4QjeCeI5+Dz9XraiO1ign81wjiH7Fb9vSOWvQfNtmSa4H2RoQTrrXivdUZmw==",
      "requires": {
        "is-callable": "^1.1.3"
      }
    },
    "form-data": {
      "version": "4.0.0",
      "dev": true,
      "requires": {
        "asynckit": "^0.4.0",
        "combined-stream": "^1.0.8",
        "mime-types": "^2.1.12"
      }
    },
    "formidable": {
      "version": "2.0.1",
      "dev": true,
      "requires": {
        "dezalgo": "1.0.3",
        "hexoid": "1.0.0",
        "once": "1.4.0",
        "qs": "6.9.3"
      },
      "dependencies": {
        "qs": {
          "version": "6.9.3",
          "dev": true
        }
      }
    },
    "fresh": {
      "version": "0.5.2",
      "dev": true
    },
    "function-bind": {
      "version": "1.1.1"
    },
    "get-intrinsic": {
      "version": "1.2.1",
      "resolved": "https://registry.npmjs.org/get-intrinsic/-/get-intrinsic-1.2.1.tgz",
      "integrity": "sha512-2DcsyfABl+gVHEfCOaTrWgyt+tb6MSEGmKq+kI5HwLbIYgjgmMcV8KQ41uaKz1xxUcn9tJtgFbQUEVcEbd0FYw==",
      "requires": {
        "function-bind": "^1.1.1",
        "has": "^1.0.3",
        "has-proto": "^1.0.1",
        "has-symbols": "^1.0.3"
      }
    },
    "gopd": {
      "version": "1.0.1",
      "resolved": "https://registry.npmjs.org/gopd/-/gopd-1.0.1.tgz",
      "integrity": "sha512-d65bNlIadxvpb/A2abVdlqKqV563juRnZ1Wtk6s1sIR8uNsXR70xqIzVqxVf1eTqDunwT2MkczEeaezCKTZhwA==",
      "requires": {
        "get-intrinsic": "^1.1.3"
      }
    },
    "has": {
      "version": "1.0.3",
      "requires": {
        "function-bind": "^1.1.1"
      }
    },
    "has-proto": {
      "version": "1.0.1",
      "resolved": "https://registry.npmjs.org/has-proto/-/has-proto-1.0.1.tgz",
      "integrity": "sha512-7qE+iP+O+bgF9clE5+UoBFzE65mlBiVj3tKCrlNQ0Ogwm0BjpT/gK4SlLYDMybDh5I3TCTKnPPa0oMG7JDYrhg=="
    },
    "has-symbols": {
      "version": "1.0.3"
    },
    "has-tostringtag": {
      "version": "1.0.0",
      "resolved": "https://registry.npmjs.org/has-tostringtag/-/has-tostringtag-1.0.0.tgz",
      "integrity": "sha512-kFjcSNhnlGV1kyoGk7OXKSawH5JOb/LzUc5w9B02hOTO0dfFRjbHQKvg1d6cf3HbeUmtU9VbbV3qzZ2Teh97WQ==",
      "requires": {
        "has-symbols": "^1.0.2"
      }
    },
    "hexoid": {
      "version": "1.0.0",
      "dev": true
    },
    "inherits": {
      "version": "2.0.4"
    },
    "is-arguments": {
      "version": "1.1.1",
      "resolved": "https://registry.npmjs.org/is-arguments/-/is-arguments-1.1.1.tgz",
      "integrity": "sha512-8Q7EARjzEnKpt/PCD7e1cgUS0a6X8u5tdSiMqXhojOdoV9TsMsiO+9VLC5vAmO8N7/GmXn7yjR8qnA6bVAEzfA==",
      "requires": {
        "call-bind": "^1.0.2",
        "has-tostringtag": "^1.0.0"
      }
    },
    "is-callable": {
      "version": "1.2.7",
      "resolved": "https://registry.npmjs.org/is-callable/-/is-callable-1.2.7.tgz",
      "integrity": "sha512-1BC0BVFhS/p0qtw6enp8e+8OD0UrK0oFLztSjNzhcKA3WDuJxxAPXzPuPtKkjEY9UUoEWlX/8fgKeu2S8i9JTA=="
    },
    "is-generator-function": {
      "version": "1.0.10",
      "resolved": "https://registry.npmjs.org/is-generator-function/-/is-generator-function-1.0.10.tgz",
      "integrity": "sha512-jsEjy9l3yiXEQ+PsXdmBwEPcOxaXWLspKdplFUVI9vq1iZgIekeC0L167qeu86czQaxed3q/Uzuw0swL0irL8A==",
      "requires": {
        "has-tostringtag": "^1.0.0"
      }
    },
    "is-typed-array": {
      "version": "1.1.12",
      "resolved": "https://registry.npmjs.org/is-typed-array/-/is-typed-array-1.1.12.tgz",
      "integrity": "sha512-Z14TF2JNG8Lss5/HMqt0//T9JeHXttXy5pH/DBU4vi98ozO2btxzq9MwYDZYnKwU8nRsz/+GVFVRDq3DkVuSPg==",
      "requires": {
        "which-typed-array": "^1.1.11"
      }
    },
    "lru-cache": {
      "version": "6.0.0",
      "dev": true,
      "requires": {
        "yallist": "^4.0.0"
      }
    },
    "media-typer": {
      "version": "0.3.0",
      "dev": true
    },
    "merge-descriptors": {
      "version": "1.0.1",
      "dev": true
    },
    "methods": {
      "version": "1.1.2",
      "dev": true
    },
    "mime": {
      "version": "1.6.0",
      "dev": true
    },
    "mime-db": {
      "version": "1.52.0",
      "dev": true
    },
    "mime-types": {
      "version": "2.1.35",
      "dev": true,
      "requires": {
        "mime-db": "1.52.0"
      }
    },
    "mrmime": {
      "version": "1.0.1"
    },
    "ms": {
      "version": "2.1.2",
      "dev": true
    },
    "negotiator": {
      "version": "0.6.3",
      "dev": true
    },
    "node-mocks-http": {
      "version": "1.11.0",
      "dev": true,
      "requires": {
        "accepts": "^1.3.7",
        "content-disposition": "^0.5.3",
        "depd": "^1.1.0",
        "fresh": "^0.5.2",
        "merge-descriptors": "^1.0.1",
        "methods": "^1.1.2",
        "mime": "^1.3.4",
        "parseurl": "^1.3.3",
        "range-parser": "^1.2.0",
        "type-is": "^1.6.18"
      }
    },
    "object-inspect": {
      "version": "1.12.2",
      "dev": true
    },
    "once": {
      "version": "1.4.0",
      "dev": true,
      "requires": {
        "wrappy": "1"
      }
    },
    "parseurl": {
      "version": "1.3.3",
      "dev": true
    },
    "qs": {
      "version": "6.11.0",
      "dev": true,
      "requires": {
        "side-channel": "^1.0.4"
      }
    },
    "range-parser": {
      "version": "1.2.1",
      "dev": true
    },
    "readable-stream": {
      "version": "3.6.0",
      "dev": true,
      "requires": {
        "inherits": "^2.0.3",
        "string_decoder": "^1.1.1",
        "util-deprecate": "^1.0.1"
      }
    },
    "safe-buffer": {
      "version": "5.2.1",
      "dev": true
    },
    "semver": {
      "version": "7.3.7",
      "dev": true,
      "requires": {
        "lru-cache": "^6.0.0"
      }
    },
    "set-cookie-parser": {
      "version": "2.5.1",
      "resolved": "https://registry.npmjs.org/set-cookie-parser/-/set-cookie-parser-2.5.1.tgz",
      "integrity": "sha512-1jeBGaKNGdEq4FgIrORu/N570dwoPYio8lSoYLWmX7sQ//0JY08Xh9o5pBcgmHQ/MbsYp/aZnOe1s1lIsbLprQ=="
    },
    "side-channel": {
      "version": "1.0.4",
      "dev": true,
      "requires": {
        "call-bind": "^1.0.0",
        "get-intrinsic": "^1.0.2",
        "object-inspect": "^1.9.0"
      }
    },
    "source-map": {
      "version": "0.6.1"
    },
    "source-map-support": {
      "version": "0.5.21",
      "requires": {
        "buffer-from": "^1.0.0",
        "source-map": "^0.6.0"
      }
    },
    "stream-slice": {
      "version": "0.1.2"
    },
    "string_decoder": {
      "version": "1.3.0",
      "dev": true,
      "requires": {
        "safe-buffer": "~5.2.0"
      }
    },
    "superagent": {
      "version": "8.0.0",
      "dev": true,
      "requires": {
        "component-emitter": "^1.3.0",
        "cookiejar": "^2.1.3",
        "debug": "^4.3.4",
        "fast-safe-stringify": "^2.1.1",
        "form-data": "^4.0.0",
        "formidable": "^2.0.1",
        "methods": "^1.1.2",
        "mime": "2.6.0",
        "qs": "^6.10.3",
        "readable-stream": "^3.6.0",
        "semver": "^7.3.7"
      },
      "dependencies": {
        "mime": {
          "version": "2.6.0",
          "dev": true
        }
      }
    },
    "supertest": {
      "version": "6.3.0",
      "resolved": "https://registry.npmjs.org/supertest/-/supertest-6.3.0.tgz",
      "integrity": "sha512-QgWju1cNoacP81Rv88NKkQ4oXTzGg0eNZtOoxp1ROpbS4OHY/eK5b8meShuFtdni161o5X0VQvgo7ErVyKK+Ow==",
      "dev": true,
      "requires": {
        "methods": "^1.1.2",
        "superagent": "^8.0.0"
      }
    },
    "type-is": {
      "version": "1.6.18",
      "dev": true,
      "requires": {
        "media-typer": "0.3.0",
        "mime-types": "~2.1.24"
      }
    },
    "util": {
      "version": "0.12.5",
      "resolved": "https://registry.npmjs.org/util/-/util-0.12.5.tgz",
      "integrity": "sha512-kZf/K6hEIrWHI6XqOFUiiMa+79wE/D8Q+NCNAWclkyg3b4d2k7s0QGepNjiABc+aR3N1PAyHL7p6UcLY6LmrnA==",
      "requires": {
        "inherits": "^2.0.3",
        "is-arguments": "^1.0.4",
        "is-generator-function": "^1.0.7",
        "is-typed-array": "^1.1.3",
        "which-typed-array": "^1.1.2"
      }
    },
    "util-deprecate": {
      "version": "1.0.2",
      "dev": true
    },
    "web-encoding": {
      "version": "1.1.5",
      "resolved": "https://registry.npmjs.org/web-encoding/-/web-encoding-1.1.5.tgz",
      "integrity": "sha512-HYLeVCdJ0+lBYV2FvNZmv3HJ2Nt0QYXqZojk3d9FJOLkwnuhzM9tmamh8d7HPM8QqjKH8DeHkFTx+CFlWpZZDA==",
      "requires": {
        "@zxing/text-encoding": "0.9.0",
        "util": "^0.12.3"
      }
    },
    "web-streams-polyfill": {
      "version": "3.2.1",
      "resolved": "https://registry.npmjs.org/web-streams-polyfill/-/web-streams-polyfill-3.2.1.tgz",
      "integrity": "sha512-e0MO3wdXWKrLbL0DgGnUV7WHVuw9OUvL4hjgnPkIeEvESk74gAITi5G606JtZPp39cd8HA9VQzCIvA49LpPN5Q=="
    },
    "which-typed-array": {
      "version": "1.1.11",
      "resolved": "https://registry.npmjs.org/which-typed-array/-/which-typed-array-1.1.11.tgz",
      "integrity": "sha512-qe9UWWpkeG5yzZ0tNYxDmd7vo58HDBc39mZ0xWWpolAGADdFOzkfamWLDxkOWcvHQKVmdTyQdLD4NOfjLWTKew==",
      "requires": {
        "available-typed-arrays": "^1.0.5",
        "call-bind": "^1.0.2",
        "for-each": "^0.3.3",
        "gopd": "^1.0.1",
        "has-tostringtag": "^1.0.0"
      }
    },
    "wrappy": {
      "version": "1.0.2",
      "dev": true
    },
    "yallist": {
      "version": "4.0.0",
      "dev": true
    }
  }
}
